
Microsoft Visual Studio Solution File, Format Version 12.00
# Visual Studio Version 17
VisualStudioVersion = 17.10.35122.118
MinimumVisualStudioVersion = 10.0.40219.1
Project("{2150E333-8FDC-42A3-9474-1A3956D46DE8}") = "Solution Items", "Solution Items", "{32CAF04C-5FFF-4B34-A8C0-C4F0BDB82872}"
	ProjectSection(SolutionItems) = preProject
		README.md = README.md
		Template.js = Template.js
		UpdateFiles.js = UpdateFiles.js
	EndProjectSection
EndProject
Project("{2150E333-8FDC-42A3-9474-1A3956D46DE8}") = "StandaloneScripts", "StandaloneScripts", "{78E5B9B0-AC6C-408B-898A-3592945A5132}"
	ProjectSection(SolutionItems) = preProject
		BuyMaxServers.js = BuyMaxServers.js
		RemoteWorm.js = RemoteWorm.js
		SellAllServers.js = SellAllServers.js
		StandaloneHackingScript.js = StandaloneHackingScript.js
		UpdateServerScripts.js = UpdateServerScripts.js
	EndProjectSection
EndProject
Project("{2150E333-8FDC-42A3-9474-1A3956D46DE8}") = "GroupScripts", "GroupScripts", "{EA09C360-D39A-4DBC-A6A3-280CD0DE272C}"
	ProjectSection(SolutionItems) = preProject
		NetworkInfiltraitor.js = NetworkInfiltraitor.js
		Preparer.js = Preparer.js
		TempMessageRecorder.js = TempMessageRecorder.js
	EndProjectSection
EndProject
Project("{2150E333-8FDC-42A3-9474-1A3956D46DE8}") = "SingleCommands", "SingleCommands", "{33E3A7F1-A49E-4C6F-BF4F-49CB7AA70CE1}"
	ProjectSection(SolutionItems) = preProject
		LoopGrow.js = LoopGrow.js
		LoopHack.js = LoopHack.js
		LoopWeaken.js = LoopWeaken.js
	EndProjectSection
EndProject
Project("{2150E333-8FDC-42A3-9474-1A3956D46DE8}") = "HackManager", "HackManager", "{021D3A40-3123-4757-81E6-42F157A3DD6F}"
	ProjectSection(SolutionItems) = preProject
		HackManager.js = HackManager.js
	EndProjectSection
EndProject
Global
	GlobalSection(SolutionProperties) = preSolution
		HideSolutionNode = FALSE
	EndGlobalSection
	GlobalSection(NestedProjects) = preSolution
		{78E5B9B0-AC6C-408B-898A-3592945A5132} = {32CAF04C-5FFF-4B34-A8C0-C4F0BDB82872}
		{EA09C360-D39A-4DBC-A6A3-280CD0DE272C} = {32CAF04C-5FFF-4B34-A8C0-C4F0BDB82872}
		{33E3A7F1-A49E-4C6F-BF4F-49CB7AA70CE1} = {EA09C360-D39A-4DBC-A6A3-280CD0DE272C}
		{021D3A40-3123-4757-81E6-42F157A3DD6F} = {EA09C360-D39A-4DBC-A6A3-280CD0DE272C}
	EndGlobalSection
	GlobalSection(ExtensibilityGlobals) = postSolution
		SolutionGuid = {A061C8A9-9518-4132-9EC0-4AFD72487224}
	EndGlobalSection
EndGlobal
