
Microsoft Visual Studio Solution File, Format Version 12.00
# Visual Studio Version 17
VisualStudioVersion = 17.10.35122.118
MinimumVisualStudioVersion = 10.0.40219.1
Project("{2150E333-8FDC-42A3-9474-1A3956D46DE8}") = "Solution Items", "Solution Items", "{32CAF04C-5FFF-4B34-A8C0-C4F0BDB82872}"
	ProjectSection(SolutionItems) = preProject
		README.md = README.md
		Template.js = Template.js
	EndProjectSection
EndProject
Project("{2150E333-8FDC-42A3-9474-1A3956D46DE8}") = "SingleCommands", "SingleCommands", "{33E3A7F1-A49E-4C6F-BF4F-49CB7AA70CE1}"
	ProjectSection(SolutionItems) = preProject
		GrowAndReply.js = GrowAndReply.js
		LoopGrow.js = LoopGrow.js
		HackAndReply.js = HackAndReply.js
		LoopHack.js = LoopHack.js
		LoopWeaken.js = LoopWeaken.js
		SingleGrow.js = SingleGrow.js
		SingleWeaken.js = SingleWeaken.js
		SingleHack.js = SingleHack.js
		WeakenAndReply.js = WeakenAndReply.js
	EndProjectSection
EndProject
Project("{2150E333-8FDC-42A3-9474-1A3956D46DE8}") = "HackManager", "HackManager", "{021D3A40-3123-4757-81E6-42F157A3DD6F}"
	ProjectSection(SolutionItems) = preProject
		HackManager.js = HackManager.js
	EndProjectSection
EndProject
Project("{2150E333-8FDC-42A3-9474-1A3956D46DE8}") = "Other", "Other", "{6E14F1CF-65C2-468F-B741-F76697F0FEB6}"
	ProjectSection(SolutionItems) = preProject
		BuyMaxServers.js = BuyMaxServers.js
		SellAllServers.js = SellAllServers.js
		UpdateFiles.js = UpdateFiles.js
		UpdateServerScripts.js = UpdateServerScripts.js
	EndProjectSection
EndProject
Project("{2150E333-8FDC-42A3-9474-1A3956D46DE8}") = "HackingScripts", "HackingScripts", "{E59F8E99-3203-48D1-B801-090874CE007A}"
	ProjectSection(SolutionItems) = preProject
		NetworkInfiltraitor.js = NetworkInfiltraitor.js
		Preparer.js = Preparer.js
	EndProjectSection
EndProject
Project("{2150E333-8FDC-42A3-9474-1A3956D46DE8}") = "StandaloneHackingScript", "StandaloneHackingScript", "{6B05082B-BD6B-4577-AF35-17D9E1125487}"
	ProjectSection(SolutionItems) = preProject
		StandaloneHackingScript.js = StandaloneHackingScript.js
	EndProjectSection
EndProject
Project("{2150E333-8FDC-42A3-9474-1A3956D46DE8}") = "HackManager2.0", "HackManager2.0", "{DEF11424-F7F5-4503-8EA5-630FFB88D0AB}"
	ProjectSection(SolutionItems) = preProject
		HackManager2.0.js = HackManager2.0.js
	EndProjectSection
EndProject
Global
	GlobalSection(SolutionProperties) = preSolution
		HideSolutionNode = FALSE
	EndGlobalSection
	GlobalSection(NestedProjects) = preSolution
		{33E3A7F1-A49E-4C6F-BF4F-49CB7AA70CE1} = {E59F8E99-3203-48D1-B801-090874CE007A}
		{021D3A40-3123-4757-81E6-42F157A3DD6F} = {E59F8E99-3203-48D1-B801-090874CE007A}
		{6E14F1CF-65C2-468F-B741-F76697F0FEB6} = {32CAF04C-5FFF-4B34-A8C0-C4F0BDB82872}
		{E59F8E99-3203-48D1-B801-090874CE007A} = {32CAF04C-5FFF-4B34-A8C0-C4F0BDB82872}
		{6B05082B-BD6B-4577-AF35-17D9E1125487} = {E59F8E99-3203-48D1-B801-090874CE007A}
		{DEF11424-F7F5-4503-8EA5-630FFB88D0AB} = {E59F8E99-3203-48D1-B801-090874CE007A}
	EndGlobalSection
	GlobalSection(ExtensibilityGlobals) = postSolution
		SolutionGuid = {A061C8A9-9518-4132-9EC0-4AFD72487224}
	EndGlobalSection
EndGlobal
